{
	"name": "vadym-sequence",
	"version": "0.0.1",
	"lockfileVersion": 1,
	"requires": true,
	"dependencies": {
		"cash-dom": {
			"version": "8.1.0",
			"resolved": "https://registry.npmjs.org/cash-dom/-/cash-dom-8.1.0.tgz",
			"integrity": "sha512-QTa50rFuPaX8klEDEbwLr+jVutwpvZEBQ0NpMMyng+je7gNe9Bz/JsOLHIG24tvNSSSIN/Q1QD0bnF6PQzWKHA=="
		},
		"datagrok-api": {
			"version": "0.89.27",
			"resolved": "https://registry.npmjs.org/datagrok-api/-/datagrok-api-0.89.27.tgz",
			"integrity": "sha512-EKar3uxaYYcKJvvxkGsPrF24N3wSfpzyDB5U9rt+I0vlsYVRuxoghQpbLy5Stg4rtk0rIOI1rBZPN5BsX1B5fw==",
			"requires": {
				"cash-dom": "^8.0.0",
				"openchemlib": "^7.2.3",
				"rxjs": "^6.5.5"
			}
		},
		"openchemlib": {
			"version": "7.3.0",
			"resolved": "https://registry.npmjs.org/openchemlib/-/openchemlib-7.3.0.tgz",
			"integrity": "sha512-wRj3Xlq/PeK+stldCuB3XzUCVmNpLLPRE7GNzpy1z5Hrj9DASgOM3USyNFPT/jDC+DfYYtCLcx2/Zmv+y3Au6A=="
		},
		"rxjs": {
			"version": "6.6.6",
			"resolved": "https://registry.npmjs.org/rxjs/-/rxjs-6.6.6.tgz",
			"integrity": "sha512-/oTwee4N4iWzAMAL9xdGKjkEHmIwupR3oXbQjCKywF1BeFohswF3vZdogbmEF6pZkOsXTzWkrZszrWpQTByYVg==",
			"requires": {
				"tslib": "^1.9.0"
			}
		},
		"tslib": {
			"version": "1.14.1",
			"resolved": "https://registry.npmjs.org/tslib/-/tslib-1.14.1.tgz",
			"integrity": "sha512-Xni35NKzjgMrwevysHTCArtLDpPvye8zV/0E4EyYn43P7/7qvQwPh9BGkHewbMulVntbigmcT7rdX3BNo9wRJg=="
		}
	}
}
